
Microsoft Visual Studio Solution File, Format Version 12.00
# Visual Studio Version 17
VisualStudioVersion = 17.8.34511.84
MinimumVisualStudioVersion = 10.0.40219.1
Project("{FAE04EC0-301F-11D3-BF4B-00C04F79EFBC}") = "WindowsFormsApp4", "WindowsFormsApp4.csproj", "{E2D31FE6-5D85-40CE-B5DC-D7CBDA48C4FB}"
EndProject
Global
	GlobalSection(SolutionConfigurationPlatforms) = preSolution
		Debug|Any CPU = Debug|Any CPU
		Release|Any CPU = Release|Any CPU
	EndGlobalSection
	GlobalSection(ProjectConfigurationPlatforms) = postSolution
		{E2D31FE6-5D85-40CE-B5DC-D7CBDA48C4FB}.Debug|Any CPU.ActiveCfg = Debug|Any CPU
		{E2D31FE6-5D85-40CE-B5DC-D7CBDA48C4FB}.Debug|Any CPU.Build.0 = Debug|Any CPU
		{E2D31FE6-5D85-40CE-B5DC-D7CBDA48C4FB}.Release|Any CPU.ActiveCfg = Release|Any CPU
		{E2D31FE6-5D85-40CE-B5DC-D7CBDA48C4FB}.Release|Any CPU.Build.0 = Release|Any CPU
	EndGlobalSection
	GlobalSection(SolutionProperties) = preSolution
		HideSolutionNode = FALSE
	EndGlobalSection
	GlobalSection(ExtensibilityGlobals) = postSolution
		SolutionGuid = {5BCEDF8F-39AF-42A3-B9F9-274F4F008029}
	EndGlobalSection
EndGlobal
